
Microsoft Visual Studio Solution File, Format Version 12.00
# Visual Studio 14
VisualStudioVersion = 14.0.25420.1
MinimumVisualStudioVersion = 10.0.40219.1
Project("{2150E333-8FDC-42A3-9474-1A3956D46DE8}") = "src", "src", "{52AF82B6-1AC8-4DC5-93E9-B6755596F147}"
EndProject
Project("{2150E333-8FDC-42A3-9474-1A3956D46DE8}") = "Solution Items", "Solution Items", "{DD67E22B-843A-4091-8D00-7F65835C4000}"
	ProjectSection(SolutionItems) = preProject
		global.json = global.json
		..\README.md = ..\README.md
	EndProjectSection
EndProject
Project("{8BB2217D-0F2D-49D1-97BC-3654ED321F3B}") = "ForkusHotel.Api", "src\ForkusHotel.Api\ForkusHotel.Api.xproj", "{4A00AD16-AC55-411D-9DA6-73BCCEBE1C70}"
EndProject
Project("{8BB2217D-0F2D-49D1-97BC-3654ED321F3B}") = "ForkusHotel.Api.IntegrationTests", "src\ForkusHotel.Api.IntegrationTests\ForkusHotel.Api.IntegrationTests.xproj", "{2BF616B1-B841-4090-ACF0-22265381938D}"
EndProject
Project("{8BB2217D-0F2D-49D1-97BC-3654ED321F3B}") = "ForkusHotel.Api.Solution", "src\ForkusHotel.Api.Solution\ForkusHotel.Api.Solution.xproj", "{AA7D0FC9-BB02-4271-85A1-C9D00EC76B52}"
EndProject
Global
	GlobalSection(SolutionConfigurationPlatforms) = preSolution
		Debug|Any CPU = Debug|Any CPU
		Release|Any CPU = Release|Any CPU
	EndGlobalSection
	GlobalSection(ProjectConfigurationPlatforms) = postSolution
		{4A00AD16-AC55-411D-9DA6-73BCCEBE1C70}.Debug|Any CPU.ActiveCfg = Debug|Any CPU
		{4A00AD16-AC55-411D-9DA6-73BCCEBE1C70}.Debug|Any CPU.Build.0 = Debug|Any CPU
		{4A00AD16-AC55-411D-9DA6-73BCCEBE1C70}.Release|Any CPU.ActiveCfg = Release|Any CPU
		{4A00AD16-AC55-411D-9DA6-73BCCEBE1C70}.Release|Any CPU.Build.0 = Release|Any CPU
		{2BF616B1-B841-4090-ACF0-22265381938D}.Debug|Any CPU.ActiveCfg = Debug|Any CPU
		{2BF616B1-B841-4090-ACF0-22265381938D}.Debug|Any CPU.Build.0 = Debug|Any CPU
		{2BF616B1-B841-4090-ACF0-22265381938D}.Release|Any CPU.ActiveCfg = Release|Any CPU
		{2BF616B1-B841-4090-ACF0-22265381938D}.Release|Any CPU.Build.0 = Release|Any CPU
		{AA7D0FC9-BB02-4271-85A1-C9D00EC76B52}.Debug|Any CPU.ActiveCfg = Debug|Any CPU
		{AA7D0FC9-BB02-4271-85A1-C9D00EC76B52}.Debug|Any CPU.Build.0 = Debug|Any CPU
		{AA7D0FC9-BB02-4271-85A1-C9D00EC76B52}.Release|Any CPU.ActiveCfg = Release|Any CPU
		{AA7D0FC9-BB02-4271-85A1-C9D00EC76B52}.Release|Any CPU.Build.0 = Release|Any CPU
	EndGlobalSection
	GlobalSection(SolutionProperties) = preSolution
		HideSolutionNode = FALSE
	EndGlobalSection
	GlobalSection(NestedProjects) = preSolution
		{4A00AD16-AC55-411D-9DA6-73BCCEBE1C70} = {52AF82B6-1AC8-4DC5-93E9-B6755596F147}
		{2BF616B1-B841-4090-ACF0-22265381938D} = {52AF82B6-1AC8-4DC5-93E9-B6755596F147}
		{AA7D0FC9-BB02-4271-85A1-C9D00EC76B52} = {52AF82B6-1AC8-4DC5-93E9-B6755596F147}
	EndGlobalSection
EndGlobal
